
Microsoft Visual Studio Solution File, Format Version 12.00
# Visual Studio Version 16
VisualStudioVersion = 16.0.32126.315
MinimumVisualStudioVersion = 10.0.40219.1
Project("{FAE04EC0-301F-11D3-BF4B-00C04F79EFBC}") = "Homework3", "Homework3.csproj", "{844BBD74-3CE9-4CF1-A881-51EA184D5D59}"
EndProject
Global
	GlobalSection(SolutionConfigurationPlatforms) = preSolution
		Debug|Any CPU = Debug|Any CPU
		Release|Any CPU = Release|Any CPU
	EndGlobalSection
	GlobalSection(ProjectConfigurationPlatforms) = postSolution
		{844BBD74-3CE9-4CF1-A881-51EA184D5D59}.Debug|Any CPU.ActiveCfg = Debug|Any CPU
		{844BBD74-3CE9-4CF1-A881-51EA184D5D59}.Debug|Any CPU.Build.0 = Debug|Any CPU
		{844BBD74-3CE9-4CF1-A881-51EA184D5D59}.Release|Any CPU.ActiveCfg = Release|Any CPU
		{844BBD74-3CE9-4CF1-A881-51EA184D5D59}.Release|Any CPU.Build.0 = Release|Any CPU
	EndGlobalSection
	GlobalSection(SolutionProperties) = preSolution
		HideSolutionNode = FALSE
	EndGlobalSection
	GlobalSection(ExtensibilityGlobals) = postSolution
		SolutionGuid = {9113BD90-E939-46BD-8375-F5DCFEE35619}
	EndGlobalSection
EndGlobal
