
Microsoft Visual Studio Solution File, Format Version 12.00
# Visual Studio Version 16
VisualStudioVersion = 16.0.32126.315
MinimumVisualStudioVersion = 10.0.40219.1
Project("{9A19103F-16F7-4668-BE54-9A1E7A4F7556}") = "Task80", "Task80.csproj", "{F3698AB2-22B4-4FAA-B9C7-F02C0E88CFE1}"
EndProject
Project("{9A19103F-16F7-4668-BE54-9A1E7A4F7556}") = "Test", "..\Test\Test.csproj", "{A396B072-D6E2-434F-8E00-26882A82A736}"
EndProject
Global
	GlobalSection(SolutionConfigurationPlatforms) = preSolution
		Debug|Any CPU = Debug|Any CPU
		Release|Any CPU = Release|Any CPU
	EndGlobalSection
	GlobalSection(ProjectConfigurationPlatforms) = postSolution
		{F3698AB2-22B4-4FAA-B9C7-F02C0E88CFE1}.Debug|Any CPU.ActiveCfg = Debug|Any CPU
		{F3698AB2-22B4-4FAA-B9C7-F02C0E88CFE1}.Debug|Any CPU.Build.0 = Debug|Any CPU
		{F3698AB2-22B4-4FAA-B9C7-F02C0E88CFE1}.Release|Any CPU.ActiveCfg = Release|Any CPU
		{F3698AB2-22B4-4FAA-B9C7-F02C0E88CFE1}.Release|Any CPU.Build.0 = Release|Any CPU
		{A396B072-D6E2-434F-8E00-26882A82A736}.Debug|Any CPU.ActiveCfg = Debug|Any CPU
		{A396B072-D6E2-434F-8E00-26882A82A736}.Debug|Any CPU.Build.0 = Debug|Any CPU
		{A396B072-D6E2-434F-8E00-26882A82A736}.Release|Any CPU.ActiveCfg = Release|Any CPU
		{A396B072-D6E2-434F-8E00-26882A82A736}.Release|Any CPU.Build.0 = Release|Any CPU
	EndGlobalSection
	GlobalSection(SolutionProperties) = preSolution
		HideSolutionNode = FALSE
	EndGlobalSection
	GlobalSection(ExtensibilityGlobals) = postSolution
		SolutionGuid = {89ED7FB2-6E4D-4CA1-BFBC-697F08A1DAD9}
	EndGlobalSection
EndGlobal
