
Microsoft Visual Studio Solution File, Format Version 12.00
# Visual Studio Version 17
VisualStudioVersion = 17.1.32414.318
MinimumVisualStudioVersion = 10.0.40219.1
Project("{FAE04EC0-301F-11D3-BF4B-00C04F79EFBC}") = "Task50_SubTask_6", "Task50_SubTask_6.csproj", "{EF2BA1B4-B17A-4ED3-867B-93BEC8E3E706}"
EndProject
Global
	GlobalSection(SolutionConfigurationPlatforms) = preSolution
		Debug|Any CPU = Debug|Any CPU
		Release|Any CPU = Release|Any CPU
	EndGlobalSection
	GlobalSection(ProjectConfigurationPlatforms) = postSolution
		{EF2BA1B4-B17A-4ED3-867B-93BEC8E3E706}.Debug|Any CPU.ActiveCfg = Debug|Any CPU
		{EF2BA1B4-B17A-4ED3-867B-93BEC8E3E706}.Debug|Any CPU.Build.0 = Debug|Any CPU
		{EF2BA1B4-B17A-4ED3-867B-93BEC8E3E706}.Release|Any CPU.ActiveCfg = Release|Any CPU
		{EF2BA1B4-B17A-4ED3-867B-93BEC8E3E706}.Release|Any CPU.Build.0 = Release|Any CPU
	EndGlobalSection
	GlobalSection(SolutionProperties) = preSolution
		HideSolutionNode = FALSE
	EndGlobalSection
	GlobalSection(ExtensibilityGlobals) = postSolution
		SolutionGuid = {ABED4044-1127-4771-9CAC-7BDD0D797EE6}
	EndGlobalSection
EndGlobal
